
Microsoft Visual Studio Solution File, Format Version 12.00
# Visual Studio 14
VisualStudioVersion = 14.0.24720.0
MinimumVisualStudioVersion = 10.0.40219.1
Project("{FAE04EC0-301F-11D3-BF4B-00C04F79EFBC}") = "TwitchLeecher", "TwitchLeecher\TwitchLeecher.csproj", "{33D2C480-6075-4354-8106-C9414181E7CA}"
EndProject
Project("{FAE04EC0-301F-11D3-BF4B-00C04F79EFBC}") = "TwitchLeecher.Shared", "TwitchLeecher.Shared\TwitchLeecher.Shared.csproj", "{37AAC23F-DA34-4158-B32F-CA4A59AD71A9}"
EndProject
Project("{FAE04EC0-301F-11D3-BF4B-00C04F79EFBC}") = "TwitchLeecher.Gui", "TwitchLeecher.Gui\TwitchLeecher.Gui.csproj", "{CC5119F2-B6E6-4C41-8090-DA3CD5FBCDF5}"
EndProject
Project("{FAE04EC0-301F-11D3-BF4B-00C04F79EFBC}") = "TwitchLeecher.Services", "TwitchLeecher.Services\TwitchLeecher.Services.csproj", "{D99FAAD3-7131-4F91-9D92-0D434A9F4385}"
EndProject
Project("{FAE04EC0-301F-11D3-BF4B-00C04F79EFBC}") = "TwitchLeecher.Core", "TwitchLeecher.Core\TwitchLeecher.Core.csproj", "{EE50464E-7667-4223-9FDE-05B0AE0D90CD}"
EndProject
Global
	GlobalSection(SolutionConfigurationPlatforms) = preSolution
		Debug|Any CPU = Debug|Any CPU
		Release|Any CPU = Release|Any CPU
	EndGlobalSection
	GlobalSection(ProjectConfigurationPlatforms) = postSolution
		{33D2C480-6075-4354-8106-C9414181E7CA}.Debug|Any CPU.ActiveCfg = Debug|Any CPU
		{33D2C480-6075-4354-8106-C9414181E7CA}.Debug|Any CPU.Build.0 = Debug|Any CPU
		{33D2C480-6075-4354-8106-C9414181E7CA}.Release|Any CPU.ActiveCfg = Release|Any CPU
		{33D2C480-6075-4354-8106-C9414181E7CA}.Release|Any CPU.Build.0 = Release|Any CPU
		{37AAC23F-DA34-4158-B32F-CA4A59AD71A9}.Debug|Any CPU.ActiveCfg = Debug|Any CPU
		{37AAC23F-DA34-4158-B32F-CA4A59AD71A9}.Debug|Any CPU.Build.0 = Debug|Any CPU
		{37AAC23F-DA34-4158-B32F-CA4A59AD71A9}.Release|Any CPU.ActiveCfg = Release|Any CPU
		{37AAC23F-DA34-4158-B32F-CA4A59AD71A9}.Release|Any CPU.Build.0 = Release|Any CPU
		{CC5119F2-B6E6-4C41-8090-DA3CD5FBCDF5}.Debug|Any CPU.ActiveCfg = Debug|Any CPU
		{CC5119F2-B6E6-4C41-8090-DA3CD5FBCDF5}.Debug|Any CPU.Build.0 = Debug|Any CPU
		{CC5119F2-B6E6-4C41-8090-DA3CD5FBCDF5}.Release|Any CPU.ActiveCfg = Release|Any CPU
		{CC5119F2-B6E6-4C41-8090-DA3CD5FBCDF5}.Release|Any CPU.Build.0 = Release|Any CPU
		{D99FAAD3-7131-4F91-9D92-0D434A9F4385}.Debug|Any CPU.ActiveCfg = Debug|Any CPU
		{D99FAAD3-7131-4F91-9D92-0D434A9F4385}.Debug|Any CPU.Build.0 = Debug|Any CPU
		{D99FAAD3-7131-4F91-9D92-0D434A9F4385}.Release|Any CPU.ActiveCfg = Release|Any CPU
		{D99FAAD3-7131-4F91-9D92-0D434A9F4385}.Release|Any CPU.Build.0 = Release|Any CPU
		{EE50464E-7667-4223-9FDE-05B0AE0D90CD}.Debug|Any CPU.ActiveCfg = Debug|Any CPU
		{EE50464E-7667-4223-9FDE-05B0AE0D90CD}.Debug|Any CPU.Build.0 = Debug|Any CPU
		{EE50464E-7667-4223-9FDE-05B0AE0D90CD}.Release|Any CPU.ActiveCfg = Release|Any CPU
		{EE50464E-7667-4223-9FDE-05B0AE0D90CD}.Release|Any CPU.Build.0 = Release|Any CPU
	EndGlobalSection
	GlobalSection(SolutionProperties) = preSolution
		HideSolutionNode = FALSE
	EndGlobalSection
EndGlobal
