
Microsoft Visual Studio Solution File, Format Version 12.00
# Visual Studio Version 16
VisualStudioVersion = 16.0.29123.88
MinimumVisualStudioVersion = 10.0.40219.1
Project("{FAE04EC0-301F-11D3-BF4B-00C04F79EFBC}") = "TwitchLeecher.Setup.Gui", "TwitchLeecher.Setup.Gui\TwitchLeecher.Setup.Gui.csproj", "{BE8BCEC6-5A0E-41BA-AD02-B48DF3B4AB29}"
EndProject
Project("{FAE04EC0-301F-11D3-BF4B-00C04F79EFBC}") = "TwitchLeecher.Setup.Publish", "TwitchLeecher.Setup.Publish\TwitchLeecher.Setup.Publish.csproj", "{325557CD-D8D2-46C5-A02A-4057EA96422E}"
	ProjectSection(ProjectDependencies) = postProject
		{D8E8902C-AB53-45CE-8458-5964262EEC8D} = {D8E8902C-AB53-45CE-8458-5964262EEC8D}
	EndProjectSection
EndProject
Project("{930C7802-8A8C-48F9-8165-68863BCCD9DD}") = "TwitchLeecher.Setup.Bootstrapper", "TwitchLeecher.Setup.Bootstrapper\TwitchLeecher.Setup.Bootstrapper.wixproj", "{D8E8902C-AB53-45CE-8458-5964262EEC8D}"
EndProject
Project("{FAE04EC0-301F-11D3-BF4B-00C04F79EFBC}") = "TwitchLeecher.Setup.Custom", "TwitchLeecher.Setup.Custom\TwitchLeecher.Setup.Custom.csproj", "{CCA9E841-1492-4D02-8DFC-72FFF0812EE2}"
EndProject
Project("{930C7802-8A8C-48F9-8165-68863BCCD9DD}") = "TwitchLeecher.Setup.Msi", "TwitchLeecher.Setup.Msi\TwitchLeecher.Setup.Msi.wixproj", "{BB665161-30F6-495B-B3B5-97E2EA27F11E}"
EndProject
Global
	GlobalSection(SolutionConfigurationPlatforms) = preSolution
		Debug|x64 = Debug|x64
		Release|x64 = Release|x64
	EndGlobalSection
	GlobalSection(ProjectConfigurationPlatforms) = postSolution
		{BE8BCEC6-5A0E-41BA-AD02-B48DF3B4AB29}.Debug|x64.ActiveCfg = Debug|Any CPU
		{BE8BCEC6-5A0E-41BA-AD02-B48DF3B4AB29}.Debug|x64.Build.0 = Debug|Any CPU
		{BE8BCEC6-5A0E-41BA-AD02-B48DF3B4AB29}.Release|x64.ActiveCfg = Release|Any CPU
		{BE8BCEC6-5A0E-41BA-AD02-B48DF3B4AB29}.Release|x64.Build.0 = Release|Any CPU
		{325557CD-D8D2-46C5-A02A-4057EA96422E}.Debug|x64.ActiveCfg = Debug|x64
		{325557CD-D8D2-46C5-A02A-4057EA96422E}.Debug|x64.Build.0 = Debug|x64
		{325557CD-D8D2-46C5-A02A-4057EA96422E}.Release|x64.ActiveCfg = Release|x64
		{325557CD-D8D2-46C5-A02A-4057EA96422E}.Release|x64.Build.0 = Release|x64
		{D8E8902C-AB53-45CE-8458-5964262EEC8D}.Debug|x64.ActiveCfg = Debug|x64
		{D8E8902C-AB53-45CE-8458-5964262EEC8D}.Debug|x64.Build.0 = Debug|x64
		{D8E8902C-AB53-45CE-8458-5964262EEC8D}.Release|x64.ActiveCfg = Release|x64
		{D8E8902C-AB53-45CE-8458-5964262EEC8D}.Release|x64.Build.0 = Release|x64
		{CCA9E841-1492-4D02-8DFC-72FFF0812EE2}.Debug|x64.ActiveCfg = Debug|x64
		{CCA9E841-1492-4D02-8DFC-72FFF0812EE2}.Debug|x64.Build.0 = Debug|x64
		{CCA9E841-1492-4D02-8DFC-72FFF0812EE2}.Release|x64.ActiveCfg = Release|x64
		{CCA9E841-1492-4D02-8DFC-72FFF0812EE2}.Release|x64.Build.0 = Release|x64
		{BB665161-30F6-495B-B3B5-97E2EA27F11E}.Debug|x64.ActiveCfg = Debug|x64
		{BB665161-30F6-495B-B3B5-97E2EA27F11E}.Debug|x64.Build.0 = Debug|x64
		{BB665161-30F6-495B-B3B5-97E2EA27F11E}.Release|x64.ActiveCfg = Release|x64
		{BB665161-30F6-495B-B3B5-97E2EA27F11E}.Release|x64.Build.0 = Release|x64
	EndGlobalSection
	GlobalSection(SolutionProperties) = preSolution
		HideSolutionNode = FALSE
	EndGlobalSection
	GlobalSection(ExtensibilityGlobals) = postSolution
		SolutionGuid = {8019E5A9-AD2B-4DB8-8CDE-E589DE27834D}
	EndGlobalSection
EndGlobal
